
Microsoft Visual Studio Solution File, Format Version 12.00
# Visual Studio Version 17
VisualStudioVersion = 17.3.32901.215
MinimumVisualStudioVersion = 10.0.40219.1
Project("{9A19103F-16F7-4668-BE54-9A1E7A4F7556}") = "Remi Delobelle_Led Cube", "Remi Delobelle_Led Cube.csproj", "{47922C61-EAE6-4843-8559-4FF4C80D0545}"
EndProject
Global
	GlobalSection(SolutionConfigurationPlatforms) = preSolution
		Debug|Any CPU = Debug|Any CPU
		Release|Any CPU = Release|Any CPU
	EndGlobalSection
	GlobalSection(ProjectConfigurationPlatforms) = postSolution
		{47922C61-EAE6-4843-8559-4FF4C80D0545}.Debug|Any CPU.ActiveCfg = Debug|Any CPU
		{47922C61-EAE6-4843-8559-4FF4C80D0545}.Debug|Any CPU.Build.0 = Debug|Any CPU
		{47922C61-EAE6-4843-8559-4FF4C80D0545}.Release|Any CPU.ActiveCfg = Release|Any CPU
		{47922C61-EAE6-4843-8559-4FF4C80D0545}.Release|Any CPU.Build.0 = Release|Any CPU
	EndGlobalSection
	GlobalSection(SolutionProperties) = preSolution
		HideSolutionNode = FALSE
	EndGlobalSection
	GlobalSection(ExtensibilityGlobals) = postSolution
		SolutionGuid = {14699E65-1B52-48C9-AC32-23F4355B9F03}
	EndGlobalSection
EndGlobal
